// !$*UTF8*$!
{
	archiveVersion = 1;
	classes = {
	};
	objectVersion = 56;
	objects = {

/* Begin PBXBuildFile section */
		741624BC2C37DE6F0084AB54 /* AppDelegate.swift in Sources */ = {isa = PBXBuildFile; fileRef = 741624BB2C37DE6F0084AB54 /* AppDelegate.swift */; };
		741624BE2C37DE6F0084AB54 /* SceneDelegate.swift in Sources */ = {isa = PBXBuildFile; fileRef = 741624BD2C37DE6F0084AB54 /* SceneDelegate.swift */; };
		741624C02C37DE6F0084AB54 /* CafeBrowseViewController.swift in Sources */ = {isa = PBXBuildFile; fileRef = 741624BF2C37DE6F0084AB54 /* CafeBrowseViewController.swift */; };
		741624C32C37DE6F0084AB54 /* Main.storyboard in Resources */ = {isa = PBXBuildFile; fileRef = 741624C12C37DE6F0084AB54 /* Main.storyboard */; };
		741624C52C37DE720084AB54 /* Assets.xcassets in Resources */ = {isa = PBXBuildFile; fileRef = 741624C42C37DE720084AB54 /* Assets.xcassets */; };
		741624C82C37DE720084AB54 /* LaunchScreen.storyboard in Resources */ = {isa = PBXBuildFile; fileRef = 741624C62C37DE720084AB54 /* LaunchScreen.storyboard */; };
		74D1251C2C37E2A80059F9A2 /* CafeInfoModel.swift in Sources */ = {isa = PBXBuildFile; fileRef = 74D1251B2C37E2A80059F9A2 /* CafeInfoModel.swift */; };
		74D1251E2C37E2E10059F9A2 /* CafeBrowseViewModel.swift in Sources */ = {isa = PBXBuildFile; fileRef = 74D1251D2C37E2E10059F9A2 /* CafeBrowseViewModel.swift */; };
		74D125212C37E30B0059F9A2 /* SnapKit in Frameworks */ = {isa = PBXBuildFile; productRef = 74D125202C37E30B0059F9A2 /* SnapKit */; };
		74D125232C37E30B0059F9A2 /* SnapKit-Dynamic in Frameworks */ = {isa = PBXBuildFile; productRef = 74D125222C37E30B0059F9A2 /* SnapKit-Dynamic */; };
		74D125262C37E3230059F9A2 /* Then in Frameworks */ = {isa = PBXBuildFile; productRef = 74D125252C37E3230059F9A2 /* Then */; };
		74D125282C37E5190059F9A2 /* CafeCollectionViewCell.swift in Sources */ = {isa = PBXBuildFile; fileRef = 74D125272C37E5190059F9A2 /* CafeCollectionViewCell.swift */; };
		74D1252B2C37E5340059F9A2 /* CafeBrowseCollectionView.swift in Sources */ = {isa = PBXBuildFile; fileRef = 74D1252A2C37E5340059F9A2 /* CafeBrowseCollectionView.swift */; };
		74D1252E2C37ECF10059F9A2 /* UIView+.swift in Sources */ = {isa = PBXBuildFile; fileRef = 74D1252D2C37ECF10059F9A2 /* UIView+.swift */; };
		74D125322C38038E0059F9A2 /* UIButton+.swift in Sources */ = {isa = PBXBuildFile; fileRef = 74D125312C38038E0059F9A2 /* UIButton+.swift */; };
/* End PBXBuildFile section */

/* Begin PBXFileReference section */
		741624B82C37DE6F0084AB54 /* CafeBara-iOS.app */ = {isa = PBXFileReference; explicitFileType = wrapper.application; includeInIndex = 0; path = "CafeBara-iOS.app"; sourceTree = BUILT_PRODUCTS_DIR; };
		741624BB2C37DE6F0084AB54 /* AppDelegate.swift */ = {isa = PBXFileReference; lastKnownFileType = sourcecode.swift; path = AppDelegate.swift; sourceTree = "<group>"; };
		741624BD2C37DE6F0084AB54 /* SceneDelegate.swift */ = {isa = PBXFileReference; lastKnownFileType = sourcecode.swift; path = SceneDelegate.swift; sourceTree = "<group>"; };
		741624BF2C37DE6F0084AB54 /* CafeBrowseViewController.swift */ = {isa = PBXFileReference; lastKnownFileType = sourcecode.swift; path = CafeBrowseViewController.swift; sourceTree = "<group>"; };
		741624C22C37DE6F0084AB54 /* Base */ = {isa = PBXFileReference; lastKnownFileType = file.storyboard; name = Base; path = Base.lproj/Main.storyboard; sourceTree = "<group>"; };
		741624C42C37DE720084AB54 /* Assets.xcassets */ = {isa = PBXFileReference; lastKnownFileType = folder.assetcatalog; path = Assets.xcassets; sourceTree = "<group>"; };
		741624C72C37DE720084AB54 /* Base */ = {isa = PBXFileReference; lastKnownFileType = file.storyboard; name = Base; path = Base.lproj/LaunchScreen.storyboard; sourceTree = "<group>"; };
		741624C92C37DE720084AB54 /* Info.plist */ = {isa = PBXFileReference; lastKnownFileType = text.plist.xml; path = Info.plist; sourceTree = "<group>"; };
		74D1251B2C37E2A80059F9A2 /* CafeInfoModel.swift */ = {isa = PBXFileReference; lastKnownFileType = sourcecode.swift; path = CafeInfoModel.swift; sourceTree = "<group>"; };
		74D1251D2C37E2E10059F9A2 /* CafeBrowseViewModel.swift */ = {isa = PBXFileReference; lastKnownFileType = sourcecode.swift; path = CafeBrowseViewModel.swift; sourceTree = "<group>"; };
		74D125272C37E5190059F9A2 /* CafeCollectionViewCell.swift */ = {isa = PBXFileReference; lastKnownFileType = sourcecode.swift; path = CafeCollectionViewCell.swift; sourceTree = "<group>"; };
		74D1252A2C37E5340059F9A2 /* CafeBrowseCollectionView.swift */ = {isa = PBXFileReference; lastKnownFileType = sourcecode.swift; path = CafeBrowseCollectionView.swift; sourceTree = "<group>"; };
		74D1252D2C37ECF10059F9A2 /* UIView+.swift */ = {isa = PBXFileReference; lastKnownFileType = sourcecode.swift; path = "UIView+.swift"; sourceTree = "<group>"; };
		74D125312C38038E0059F9A2 /* UIButton+.swift */ = {isa = PBXFileReference; lastKnownFileType = sourcecode.swift; path = "UIButton+.swift"; sourceTree = "<group>"; };
/* End PBXFileReference section */

/* Begin PBXFrameworksBuildPhase section */
		741624B52C37DE6F0084AB54 /* Frameworks */ = {
			isa = PBXFrameworksBuildPhase;
			buildActionMask = 2147483647;
			files = (
				74D125212C37E30B0059F9A2 /* SnapKit in Frameworks */,
				74D125262C37E3230059F9A2 /* Then in Frameworks */,
				74D125232C37E30B0059F9A2 /* SnapKit-Dynamic in Frameworks */,
			);
			runOnlyForDeploymentPostprocessing = 0;
		};
/* End PBXFrameworksBuildPhase section */

/* Begin PBXGroup section */
		741624AF2C37DE6F0084AB54 = {
			isa = PBXGroup;
			children = (
				741624BA2C37DE6F0084AB54 /* CafeBara-iOS */,
				741624B92C37DE6F0084AB54 /* Products */,
			);
			sourceTree = "<group>";
		};
		741624B92C37DE6F0084AB54 /* Products */ = {
			isa = PBXGroup;
			children = (
				741624B82C37DE6F0084AB54 /* CafeBara-iOS.app */,
			);
			name = Products;
			sourceTree = "<group>";
		};
		741624BA2C37DE6F0084AB54 /* CafeBara-iOS */ = {
			isa = PBXGroup;
			children = (
				74D1252C2C37ECDF0059F9A2 /* Extensions */,
				74D125162C37E1560059F9A2 /* CafeBrowse */,
				741624BB2C37DE6F0084AB54 /* AppDelegate.swift */,
				741624BD2C37DE6F0084AB54 /* SceneDelegate.swift */,
				741624C12C37DE6F0084AB54 /* Main.storyboard */,
				741624C42C37DE720084AB54 /* Assets.xcassets */,
				741624C62C37DE720084AB54 /* LaunchScreen.storyboard */,
				741624C92C37DE720084AB54 /* Info.plist */,
			);
			path = "CafeBara-iOS";
			sourceTree = "<group>";
		};
		74D125162C37E1560059F9A2 /* CafeBrowse */ = {
			isa = PBXGroup;
			children = (
				74D125192C37E27C0059F9A2 /* Model */,
				74D125182C37E2770059F9A2 /* ViewModel */,
				74D125172C37E26E0059F9A2 /* View */,
			);
			path = CafeBrowse;
			sourceTree = "<group>";
		};
		74D125172C37E26E0059F9A2 /* View */ = {
			isa = PBXGroup;
			children = (
				74D125292C37E51D0059F9A2 /* Cell */,
				741624BF2C37DE6F0084AB54 /* CafeBrowseViewController.swift */,
				74D1252A2C37E5340059F9A2 /* CafeBrowseCollectionView.swift */,
			);
			path = View;
			sourceTree = "<group>";
		};
		74D125182C37E2770059F9A2 /* ViewModel */ = {
			isa = PBXGroup;
			children = (
				74D1251D2C37E2E10059F9A2 /* CafeBrowseViewModel.swift */,
			);
			path = ViewModel;
			sourceTree = "<group>";
		};
		74D125192C37E27C0059F9A2 /* Model */ = {
			isa = PBXGroup;
			children = (
				74D1251B2C37E2A80059F9A2 /* CafeInfoModel.swift */,
			);
			path = Model;
			sourceTree = "<group>";
		};
		74D125292C37E51D0059F9A2 /* Cell */ = {
			isa = PBXGroup;
			children = (
				74D125272C37E5190059F9A2 /* CafeCollectionViewCell.swift */,
			);
			path = Cell;
			sourceTree = "<group>";
		};
		74D1252C2C37ECDF0059F9A2 /* Extensions */ = {
			isa = PBXGroup;
			children = (
				74D1252D2C37ECF10059F9A2 /* UIView+.swift */,
				74D125312C38038E0059F9A2 /* UIButton+.swift */,
			);
			path = Extensions;
			sourceTree = "<group>";
		};
/* End PBXGroup section */

/* Begin PBXNativeTarget section */
		741624B72C37DE6F0084AB54 /* CafeBara-iOS */ = {
			isa = PBXNativeTarget;
			buildConfigurationList = 741624CC2C37DE720084AB54 /* Build configuration list for PBXNativeTarget "CafeBara-iOS" */;
			buildPhases = (
				741624B42C37DE6F0084AB54 /* Sources */,
				741624B52C37DE6F0084AB54 /* Frameworks */,
				741624B62C37DE6F0084AB54 /* Resources */,
			);
			buildRules = (
			);
			dependencies = (
			);
			name = "CafeBara-iOS";
			packageProductDependencies = (
				74D125202C37E30B0059F9A2 /* SnapKit */,
				74D125222C37E30B0059F9A2 /* SnapKit-Dynamic */,
				74D125252C37E3230059F9A2 /* Then */,
			);
			productName = "CafeBara-iOS";
			productReference = 741624B82C37DE6F0084AB54 /* CafeBara-iOS.app */;
			productType = "com.apple.product-type.application";
		};
/* End PBXNativeTarget section */

/* Begin PBXProject section */
		741624B02C37DE6F0084AB54 /* Project object */ = {
			isa = PBXProject;
			attributes = {
				BuildIndependentTargetsInParallel = 1;
				LastSwiftUpdateCheck = 1520;
				LastUpgradeCheck = 1520;
				TargetAttributes = {
					741624B72C37DE6F0084AB54 = {
						CreatedOnToolsVersion = 15.2;
					};
				};
			};
			buildConfigurationList = 741624B32C37DE6F0084AB54 /* Build configuration list for PBXProject "CafeBara-iOS" */;
			compatibilityVersion = "Xcode 14.0";
			developmentRegion = en;
			hasScannedForEncodings = 0;
			knownRegions = (
				en,
				Base,
			);
			mainGroup = 741624AF2C37DE6F0084AB54;
			packageReferences = (
				74D1251F2C37E30B0059F9A2 /* XCRemoteSwiftPackageReference "SnapKit" */,
				74D125242C37E3230059F9A2 /* XCRemoteSwiftPackageReference "Then" */,
			);
			productRefGroup = 741624B92C37DE6F0084AB54 /* Products */;
			projectDirPath = "";
			projectRoot = "";
			targets = (
				741624B72C37DE6F0084AB54 /* CafeBara-iOS */,
			);
		};
/* End PBXProject section */

/* Begin PBXResourcesBuildPhase section */
		741624B62C37DE6F0084AB54 /* Resources */ = {
			isa = PBXResourcesBuildPhase;
			buildActionMask = 2147483647;
			files = (
				741624C82C37DE720084AB54 /* LaunchScreen.storyboard in Resources */,
				741624C52C37DE720084AB54 /* Assets.xcassets in Resources */,
				741624C32C37DE6F0084AB54 /* Main.storyboard in Resources */,
			);
			runOnlyForDeploymentPostprocessing = 0;
		};
/* End PBXResourcesBuildPhase section */

/* Begin PBXSourcesBuildPhase section */
		741624B42C37DE6F0084AB54 /* Sources */ = {
			isa = PBXSourcesBuildPhase;
			buildActionMask = 2147483647;
			files = (
				74D1251E2C37E2E10059F9A2 /* CafeBrowseViewModel.swift in Sources */,
				74D125282C37E5190059F9A2 /* CafeCollectionViewCell.swift in Sources */,
				741624C02C37DE6F0084AB54 /* CafeBrowseViewController.swift in Sources */,
				741624BC2C37DE6F0084AB54 /* AppDelegate.swift in Sources */,
				74D125322C38038E0059F9A2 /* UIButton+.swift in Sources */,
				74D1252E2C37ECF10059F9A2 /* UIView+.swift in Sources */,
				74D1251C2C37E2A80059F9A2 /* CafeInfoModel.swift in Sources */,
				74D1252B2C37E5340059F9A2 /* CafeBrowseCollectionView.swift in Sources */,
				741624BE2C37DE6F0084AB54 /* SceneDelegate.swift in Sources */,
			);
			runOnlyForDeploymentPostprocessing = 0;
		};
/* End PBXSourcesBuildPhase section */

/* Begin PBXVariantGroup section */
		741624C12C37DE6F0084AB54 /* Main.storyboard */ = {
			isa = PBXVariantGroup;
			children = (
				741624C22C37DE6F0084AB54 /* Base */,
			);
			name = Main.storyboard;
			sourceTree = "<group>";
		};
		741624C62C37DE720084AB54 /* LaunchScreen.storyboard */ = {
			isa = PBXVariantGroup;
			children = (
				741624C72C37DE720084AB54 /* Base */,
			);
			name = LaunchScreen.storyboard;
			sourceTree = "<group>";
		};
/* End PBXVariantGroup section */

/* Begin XCBuildConfiguration section */
		741624CA2C37DE720084AB54 /* Debug */ = {
			isa = XCBuildConfiguration;
			buildSettings = {
				ALWAYS_SEARCH_USER_PATHS = NO;
				ASSETCATALOG_COMPILER_GENERATE_SWIFT_ASSET_SYMBOL_EXTENSIONS = YES;
				CLANG_ANALYZER_NONNULL = YES;
				CLANG_ANALYZER_NUMBER_OBJECT_CONVERSION = YES_AGGRESSIVE;
				CLANG_CXX_LANGUAGE_STANDARD = "gnu++20";
				CLANG_ENABLE_MODULES = YES;
				CLANG_ENABLE_OBJC_ARC = YES;
				CLANG_ENABLE_OBJC_WEAK = YES;
				CLANG_WARN_BLOCK_CAPTURE_AUTORELEASING = YES;
				CLANG_WARN_BOOL_CONVERSION = YES;
				CLANG_WARN_COMMA = YES;
				CLANG_WARN_CONSTANT_CONVERSION = YES;
				CLANG_WARN_DEPRECATED_OBJC_IMPLEMENTATIONS = YES;
				CLANG_WARN_DIRECT_OBJC_ISA_USAGE = YES_ERROR;
				CLANG_WARN_DOCUMENTATION_COMMENTS = YES;
				CLANG_WARN_EMPTY_BODY = YES;
				CLANG_WARN_ENUM_CONVERSION = YES;
				CLANG_WARN_INFINITE_RECURSION = YES;
				CLANG_WARN_INT_CONVERSION = YES;
				CLANG_WARN_NON_LITERAL_NULL_CONVERSION = YES;
				CLANG_WARN_OBJC_IMPLICIT_RETAIN_SELF = YES;
				CLANG_WARN_OBJC_LITERAL_CONVERSION = YES;
				CLANG_WARN_OBJC_ROOT_CLASS = YES_ERROR;
				CLANG_WARN_QUOTED_INCLUDE_IN_FRAMEWORK_HEADER = YES;
				CLANG_WARN_RANGE_LOOP_ANALYSIS = YES;
				CLANG_WARN_STRICT_PROTOTYPES = YES;
				CLANG_WARN_SUSPICIOUS_MOVE = YES;
				CLANG_WARN_UNGUARDED_AVAILABILITY = YES_AGGRESSIVE;
				CLANG_WARN_UNREACHABLE_CODE = YES;
				CLANG_WARN__DUPLICATE_METHOD_MATCH = YES;
				COPY_PHASE_STRIP = NO;
				DEBUG_INFORMATION_FORMAT = dwarf;
				ENABLE_STRICT_OBJC_MSGSEND = YES;
				ENABLE_TESTABILITY = YES;
				ENABLE_USER_SCRIPT_SANDBOXING = YES;
				GCC_C_LANGUAGE_STANDARD = gnu17;
				GCC_DYNAMIC_NO_PIC = NO;
				GCC_NO_COMMON_BLOCKS = YES;
				GCC_OPTIMIZATION_LEVEL = 0;
				GCC_PREPROCESSOR_DEFINITIONS = (
					"DEBUG=1",
					"$(inherited)",
				);
				GCC_WARN_64_TO_32_BIT_CONVERSION = YES;
				GCC_WARN_ABOUT_RETURN_TYPE = YES_ERROR;
				GCC_WARN_UNDECLARED_SELECTOR = YES;
				GCC_WARN_UNINITIALIZED_AUTOS = YES_AGGRESSIVE;
				GCC_WARN_UNUSED_FUNCTION = YES;
				GCC_WARN_UNUSED_VARIABLE = YES;
				IPHONEOS_DEPLOYMENT_TARGET = 17.2;
				LOCALIZATION_PREFERS_STRING_CATALOGS = YES;
				MTL_ENABLE_DEBUG_INFO = INCLUDE_SOURCE;
				MTL_FAST_MATH = YES;
				ONLY_ACTIVE_ARCH = YES;
				SDKROOT = iphoneos;
				SWIFT_ACTIVE_COMPILATION_CONDITIONS = "DEBUG $(inherited)";
				SWIFT_OPTIMIZATION_LEVEL = "-Onone";
			};
			name = Debug;
		};
		741624CB2C37DE720084AB54 /* Release */ = {
			isa = XCBuildConfiguration;
			buildSettings = {
				ALWAYS_SEARCH_USER_PATHS = NO;
				ASSETCATALOG_COMPILER_GENERATE_SWIFT_ASSET_SYMBOL_EXTENSIONS = YES;
				CLANG_ANALYZER_NONNULL = YES;
				CLANG_ANALYZER_NUMBER_OBJECT_CONVERSION = YES_AGGRESSIVE;
				CLANG_CXX_LANGUAGE_STANDARD = "gnu++20";
				CLANG_ENABLE_MODULES = YES;
				CLANG_ENABLE_OBJC_ARC = YES;
				CLANG_ENABLE_OBJC_WEAK = YES;
				CLANG_WARN_BLOCK_CAPTURE_AUTORELEASING = YES;
				CLANG_WARN_BOOL_CONVERSION = YES;
				CLANG_WARN_COMMA = YES;
				CLANG_WARN_CONSTANT_CONVERSION = YES;
				CLANG_WARN_DEPRECATED_OBJC_IMPLEMENTATIONS = YES;
				CLANG_WARN_DIRECT_OBJC_ISA_USAGE = YES_ERROR;
				CLANG_WARN_DOCUMENTATION_COMMENTS = YES;
				CLANG_WARN_EMPTY_BODY = YES;
				CLANG_WARN_ENUM_CONVERSION = YES;
				CLANG_WARN_INFINITE_RECURSION = YES;
				CLANG_WARN_INT_CONVERSION = YES;
				CLANG_WARN_NON_LITERAL_NULL_CONVERSION = YES;
				CLANG_WARN_OBJC_IMPLICIT_RETAIN_SELF = YES;
				CLANG_WARN_OBJC_LITERAL_CONVERSION = YES;
				CLANG_WARN_OBJC_ROOT_CLASS = YES_ERROR;
				CLANG_WARN_QUOTED_INCLUDE_IN_FRAMEWORK_HEADER = YES;
				CLANG_WARN_RANGE_LOOP_ANALYSIS = YES;
				CLANG_WARN_STRICT_PROTOTYPES = YES;
				CLANG_WARN_SUSPICIOUS_MOVE = YES;
				CLANG_WARN_UNGUARDED_AVAILABILITY = YES_AGGRESSIVE;
				CLANG_WARN_UNREACHABLE_CODE = YES;
				CLANG_WARN__DUPLICATE_METHOD_MATCH = YES;
				COPY_PHASE_STRIP = NO;
				DEBUG_INFORMATION_FORMAT = "dwarf-with-dsym";
				ENABLE_NS_ASSERTIONS = NO;
				ENABLE_STRICT_OBJC_MSGSEND = YES;
				ENABLE_USER_SCRIPT_SANDBOXING = YES;
				GCC_C_LANGUAGE_STANDARD = gnu17;
				GCC_NO_COMMON_BLOCKS = YES;
				GCC_WARN_64_TO_32_BIT_CONVERSION = YES;
				GCC_WARN_ABOUT_RETURN_TYPE = YES_ERROR;
				GCC_WARN_UNDECLARED_SELECTOR = YES;
				GCC_WARN_UNINITIALIZED_AUTOS = YES_AGGRESSIVE;
				GCC_WARN_UNUSED_FUNCTION = YES;
				GCC_WARN_UNUSED_VARIABLE = YES;
				IPHONEOS_DEPLOYMENT_TARGET = 17.2;
				LOCALIZATION_PREFERS_STRING_CATALOGS = YES;
				MTL_ENABLE_DEBUG_INFO = NO;
				MTL_FAST_MATH = YES;
				SDKROOT = iphoneos;
				SWIFT_COMPILATION_MODE = wholemodule;
				VALIDATE_PRODUCT = YES;
			};
			name = Release;
		};
		741624CD2C37DE720084AB54 /* Debug */ = {
			isa = XCBuildConfiguration;
			buildSettings = {
				ASSETCATALOG_COMPILER_APPICON_NAME = AppIcon;
				ASSETCATALOG_COMPILER_GLOBAL_ACCENT_COLOR_NAME = AccentColor;
				CODE_SIGN_STYLE = Automatic;
				CURRENT_PROJECT_VERSION = 1;
				DEVELOPMENT_TEAM = H4NCX3RT8V;
				GENERATE_INFOPLIST_FILE = YES;
				INFOPLIST_FILE = "CafeBara-iOS/Info.plist";
				INFOPLIST_KEY_UIApplicationSupportsIndirectInputEvents = YES;
				INFOPLIST_KEY_UILaunchStoryboardName = LaunchScreen;
				INFOPLIST_KEY_UIMainStoryboardFile = Main;
				INFOPLIST_KEY_UISupportedInterfaceOrientations_iPad = "UIInterfaceOrientationPortrait UIInterfaceOrientationPortraitUpsideDown UIInterfaceOrientationLandscapeLeft UIInterfaceOrientationLandscapeRight";
				INFOPLIST_KEY_UISupportedInterfaceOrientations_iPhone = "UIInterfaceOrientationPortrait UIInterfaceOrientationLandscapeLeft UIInterfaceOrientationLandscapeRight";
				LD_RUNPATH_SEARCH_PATHS = (
					"$(inherited)",
					"@executable_path/Frameworks",
				);
				MARKETING_VERSION = 1.0;
				PRODUCT_BUNDLE_IDENTIFIER = "com.cirtuare.CafeBara-iOS";
				PRODUCT_NAME = "$(TARGET_NAME)";
				SWIFT_EMIT_LOC_STRINGS = YES;
				SWIFT_VERSION = 5.0;
				TARGETED_DEVICE_FAMILY = "1,2";
			};
			name = Debug;
		};
		741624CE2C37DE720084AB54 /* Release */ = {
			isa = XCBuildConfiguration;
			buildSettings = {
				ASSETCATALOG_COMPILER_APPICON_NAME = AppIcon;
				ASSETCATALOG_COMPILER_GLOBAL_ACCENT_COLOR_NAME = AccentColor;
				CODE_SIGN_STYLE = Automatic;
				CURRENT_PROJECT_VERSION = 1;
				DEVELOPMENT_TEAM = H4NCX3RT8V;
				GENERATE_INFOPLIST_FILE = YES;
				INFOPLIST_FILE = "CafeBara-iOS/Info.plist";
				INFOPLIST_KEY_UIApplicationSupportsIndirectInputEvents = YES;
				INFOPLIST_KEY_UILaunchStoryboardName = LaunchScreen;
				INFOPLIST_KEY_UIMainStoryboardFile = Main;
				INFOPLIST_KEY_UISupportedInterfaceOrientations_iPad = "UIInterfaceOrientationPortrait UIInterfaceOrientationPortraitUpsideDown UIInterfaceOrientationLandscapeLeft UIInterfaceOrientationLandscapeRight";
				INFOPLIST_KEY_UISupportedInterfaceOrientations_iPhone = "UIInterfaceOrientationPortrait UIInterfaceOrientationLandscapeLeft UIInterfaceOrientationLandscapeRight";
				LD_RUNPATH_SEARCH_PATHS = (
					"$(inherited)",
					"@executable_path/Frameworks",
				);
				MARKETING_VERSION = 1.0;
				PRODUCT_BUNDLE_IDENTIFIER = "com.cirtuare.CafeBara-iOS";
				PRODUCT_NAME = "$(TARGET_NAME)";
				SWIFT_EMIT_LOC_STRINGS = YES;
				SWIFT_VERSION = 5.0;
				TARGETED_DEVICE_FAMILY = "1,2";
			};
			name = Release;
		};
/* End XCBuildConfiguration section */

/* Begin XCConfigurationList section */
		741624B32C37DE6F0084AB54 /* Build configuration list for PBXProject "CafeBara-iOS" */ = {
			isa = XCConfigurationList;
			buildConfigurations = (
				741624CA2C37DE720084AB54 /* Debug */,
				741624CB2C37DE720084AB54 /* Release */,
			);
			defaultConfigurationIsVisible = 0;
			defaultConfigurationName = Release;
		};
		741624CC2C37DE720084AB54 /* Build configuration list for PBXNativeTarget "CafeBara-iOS" */ = {
			isa = XCConfigurationList;
			buildConfigurations = (
				741624CD2C37DE720084AB54 /* Debug */,
				741624CE2C37DE720084AB54 /* Release */,
			);
			defaultConfigurationIsVisible = 0;
			defaultConfigurationName = Release;
		};
/* End XCConfigurationList section */

/* Begin XCRemoteSwiftPackageReference section */
		74D1251F2C37E30B0059F9A2 /* XCRemoteSwiftPackageReference "SnapKit" */ = {
			isa = XCRemoteSwiftPackageReference;
			repositoryURL = "https://github.com/SnapKit/SnapKit";
			requirement = {
				kind = upToNextMajorVersion;
				minimumVersion = 5.7.1;
			};
		};
		74D125242C37E3230059F9A2 /* XCRemoteSwiftPackageReference "Then" */ = {
			isa = XCRemoteSwiftPackageReference;
			repositoryURL = "https://github.com/devxoul/Then";
			requirement = {
				kind = upToNextMajorVersion;
				minimumVersion = 3.0.0;
			};
		};
/* End XCRemoteSwiftPackageReference section */

/* Begin XCSwiftPackageProductDependency section */
		74D125202C37E30B0059F9A2 /* SnapKit */ = {
			isa = XCSwiftPackageProductDependency;
			package = 74D1251F2C37E30B0059F9A2 /* XCRemoteSwiftPackageReference "SnapKit" */;
			productName = SnapKit;
		};
		74D125222C37E30B0059F9A2 /* SnapKit-Dynamic */ = {
			isa = XCSwiftPackageProductDependency;
			package = 74D1251F2C37E30B0059F9A2 /* XCRemoteSwiftPackageReference "SnapKit" */;
			productName = "SnapKit-Dynamic";
		};
		74D125252C37E3230059F9A2 /* Then */ = {
			isa = XCSwiftPackageProductDependency;
			package = 74D125242C37E3230059F9A2 /* XCRemoteSwiftPackageReference "Then" */;
			productName = Then;
		};
/* End XCSwiftPackageProductDependency section */
	};
	rootObject = 741624B02C37DE6F0084AB54 /* Project object */;
}
